
Microsoft Visual Studio Solution File, Format Version 12.00
# Visual Studio Version 17
VisualStudioVersion = 17.5.33414.496
MinimumVisualStudioVersion = 10.0.40219.1
Project("{2150E333-8FDC-42A3-9474-1A3956D46DE8}") = "Services", "Services", "{097B59EB-CE95-44AB-8B8D-76A1CC038748}"
EndProject
Project("{2150E333-8FDC-42A3-9474-1A3956D46DE8}") = "Catalog", "Catalog", "{B13CF81E-71E4-4E4E-B638-1A8CAAD1B8E7}"
EndProject
Project("{9A19103F-16F7-4668-BE54-9A1E7A4F7556}") = "Travel.Services.Catalog", "Services\Catalog\Travel.Services.Catalog\Travel.Services.Catalog.csproj", "{12488CF2-7842-46DC-9193-556E397D3F59}"
EndProject
Project("{2150E333-8FDC-42A3-9474-1A3956D46DE8}") = "Solution Items", "Solution Items", "{2E526DCC-5DBB-4887-8041-4B34F1B4016E}"
	ProjectSection(SolutionItems) = preProject
		Ports.txt = Ports.txt
	EndProjectSection
EndProject
Project("{2150E333-8FDC-42A3-9474-1A3956D46DE8}") = "Shared", "Shared", "{AE6186AD-96B0-4972-BFE8-B49EF6CA10D8}"
EndProject
Project("{9A19103F-16F7-4668-BE54-9A1E7A4F7556}") = "Travel.Shared", "Shared\Travel.Shared\Travel.Shared.csproj", "{6E0B889A-4AC2-42AF-88B1-43DB051B5CA5}"
EndProject
Project("{2150E333-8FDC-42A3-9474-1A3956D46DE8}") = "IdentityServer", "IdentityServer", "{16A5B54D-24B2-4839-A519-8F5451652A97}"
EndProject
Project("{9A19103F-16F7-4668-BE54-9A1E7A4F7556}") = "Travel.IdentityServer", "IdentityServer\Travel.IdentityServer\Travel.IdentityServer.csproj", "{7D2B8EB7-C0A9-4C53-BDA5-B5A7E37F8743}"
EndProject
Project("{2150E333-8FDC-42A3-9474-1A3956D46DE8}") = "PhotoStock", "PhotoStock", "{F09A1959-2AE1-4441-93A3-AAE1F08FE37C}"
EndProject
Project("{9A19103F-16F7-4668-BE54-9A1E7A4F7556}") = "Travel.Services.PhotoStock", "Services\PhotoStock\Travel.Services.PhotoStock\Travel.Services.PhotoStock.csproj", "{7EEBED7E-1CFB-49EE-B8DF-58852EFDCCED}"
EndProject
Project("{2150E333-8FDC-42A3-9474-1A3956D46DE8}") = "Basket", "Basket", "{B0C485CA-7214-463A-A046-32382F9C9737}"
EndProject
Project("{9A19103F-16F7-4668-BE54-9A1E7A4F7556}") = "Travel.Services.Basket", "Services\Basket\Travel.Services.Basket\Travel.Services.Basket.csproj", "{EA25EEE5-2144-45CE-B8ED-32F655929BC8}"
EndProject
Project("{2150E333-8FDC-42A3-9474-1A3956D46DE8}") = "Discount", "Discount", "{794E9B8D-A2C9-4D37-A154-AA1C44F3E4AD}"
EndProject
Project("{9A19103F-16F7-4668-BE54-9A1E7A4F7556}") = "Travel.Services.Discount", "Services\Discount\Travel.Services.Discount\Travel.Services.Discount.csproj", "{9BF36C35-44D2-4E95-8B89-A1E76F500670}"
EndProject
Project("{2150E333-8FDC-42A3-9474-1A3956D46DE8}") = "Order", "Order", "{B04EA71C-59A2-49C3-B938-3D6017F511B7}"
EndProject
Project("{FAE04EC0-301F-11D3-BF4B-00C04F79EFBC}") = "Travel.Services.Order.API", "Services\Order\Travel.Services.Order.API\Travel.Services.Order.API.csproj", "{393669A7-4706-405C-8D72-E2E78EDCB7C1}"
EndProject
Project("{FAE04EC0-301F-11D3-BF4B-00C04F79EFBC}") = "Travel.Services.Order.Domain", "Services\Order\Travel.Services.Order.Domain\Travel.Services.Order.Domain.csproj", "{48239EFB-0C48-447F-84F7-57D1E0452CB2}"
EndProject
Project("{FAE04EC0-301F-11D3-BF4B-00C04F79EFBC}") = "Travel.Services.Order.Domain.Core", "Services\Order\Travel.Services.Order.Domain.Core\Travel.Services.Order.Domain.Core.csproj", "{8408CA45-CEB8-4E33-863F-5E7E91687C01}"
EndProject
Project("{FAE04EC0-301F-11D3-BF4B-00C04F79EFBC}") = "Travel.Services.Order.Application", "Services\Order\Travel.Services.Order.Application\Travel.Services.Order.Application.csproj", "{0A904A22-70FC-4D03-982E-436E64FFC7C3}"
EndProject
Project("{FAE04EC0-301F-11D3-BF4B-00C04F79EFBC}") = "Travel.Services.Order.Infastructure", "Services\Order\Travel.Services.Order.Infastructure\Travel.Services.Order.Infastructure.csproj", "{212A1F4D-B3D5-4336-B475-90586739F222}"
EndProject
Global
	GlobalSection(SolutionConfigurationPlatforms) = preSolution
		Debug|Any CPU = Debug|Any CPU
		Release|Any CPU = Release|Any CPU
	EndGlobalSection
	GlobalSection(ProjectConfigurationPlatforms) = postSolution
		{12488CF2-7842-46DC-9193-556E397D3F59}.Debug|Any CPU.ActiveCfg = Debug|Any CPU
		{12488CF2-7842-46DC-9193-556E397D3F59}.Debug|Any CPU.Build.0 = Debug|Any CPU
		{12488CF2-7842-46DC-9193-556E397D3F59}.Release|Any CPU.ActiveCfg = Release|Any CPU
		{12488CF2-7842-46DC-9193-556E397D3F59}.Release|Any CPU.Build.0 = Release|Any CPU
		{6E0B889A-4AC2-42AF-88B1-43DB051B5CA5}.Debug|Any CPU.ActiveCfg = Debug|Any CPU
		{6E0B889A-4AC2-42AF-88B1-43DB051B5CA5}.Debug|Any CPU.Build.0 = Debug|Any CPU
		{6E0B889A-4AC2-42AF-88B1-43DB051B5CA5}.Release|Any CPU.ActiveCfg = Release|Any CPU
		{6E0B889A-4AC2-42AF-88B1-43DB051B5CA5}.Release|Any CPU.Build.0 = Release|Any CPU
		{7D2B8EB7-C0A9-4C53-BDA5-B5A7E37F8743}.Debug|Any CPU.ActiveCfg = Debug|Any CPU
		{7D2B8EB7-C0A9-4C53-BDA5-B5A7E37F8743}.Debug|Any CPU.Build.0 = Debug|Any CPU
		{7D2B8EB7-C0A9-4C53-BDA5-B5A7E37F8743}.Release|Any CPU.ActiveCfg = Release|Any CPU
		{7D2B8EB7-C0A9-4C53-BDA5-B5A7E37F8743}.Release|Any CPU.Build.0 = Release|Any CPU
		{7EEBED7E-1CFB-49EE-B8DF-58852EFDCCED}.Debug|Any CPU.ActiveCfg = Debug|Any CPU
		{7EEBED7E-1CFB-49EE-B8DF-58852EFDCCED}.Debug|Any CPU.Build.0 = Debug|Any CPU
		{7EEBED7E-1CFB-49EE-B8DF-58852EFDCCED}.Release|Any CPU.ActiveCfg = Release|Any CPU
		{7EEBED7E-1CFB-49EE-B8DF-58852EFDCCED}.Release|Any CPU.Build.0 = Release|Any CPU
		{EA25EEE5-2144-45CE-B8ED-32F655929BC8}.Debug|Any CPU.ActiveCfg = Debug|Any CPU
		{EA25EEE5-2144-45CE-B8ED-32F655929BC8}.Debug|Any CPU.Build.0 = Debug|Any CPU
		{EA25EEE5-2144-45CE-B8ED-32F655929BC8}.Release|Any CPU.ActiveCfg = Release|Any CPU
		{EA25EEE5-2144-45CE-B8ED-32F655929BC8}.Release|Any CPU.Build.0 = Release|Any CPU
		{9BF36C35-44D2-4E95-8B89-A1E76F500670}.Debug|Any CPU.ActiveCfg = Debug|Any CPU
		{9BF36C35-44D2-4E95-8B89-A1E76F500670}.Debug|Any CPU.Build.0 = Debug|Any CPU
		{9BF36C35-44D2-4E95-8B89-A1E76F500670}.Release|Any CPU.ActiveCfg = Release|Any CPU
		{9BF36C35-44D2-4E95-8B89-A1E76F500670}.Release|Any CPU.Build.0 = Release|Any CPU
		{393669A7-4706-405C-8D72-E2E78EDCB7C1}.Debug|Any CPU.ActiveCfg = Debug|Any CPU
		{393669A7-4706-405C-8D72-E2E78EDCB7C1}.Debug|Any CPU.Build.0 = Debug|Any CPU
		{393669A7-4706-405C-8D72-E2E78EDCB7C1}.Release|Any CPU.ActiveCfg = Release|Any CPU
		{393669A7-4706-405C-8D72-E2E78EDCB7C1}.Release|Any CPU.Build.0 = Release|Any CPU
		{48239EFB-0C48-447F-84F7-57D1E0452CB2}.Debug|Any CPU.ActiveCfg = Debug|Any CPU
		{48239EFB-0C48-447F-84F7-57D1E0452CB2}.Debug|Any CPU.Build.0 = Debug|Any CPU
		{48239EFB-0C48-447F-84F7-57D1E0452CB2}.Release|Any CPU.ActiveCfg = Release|Any CPU
		{48239EFB-0C48-447F-84F7-57D1E0452CB2}.Release|Any CPU.Build.0 = Release|Any CPU
		{8408CA45-CEB8-4E33-863F-5E7E91687C01}.Debug|Any CPU.ActiveCfg = Debug|Any CPU
		{8408CA45-CEB8-4E33-863F-5E7E91687C01}.Debug|Any CPU.Build.0 = Debug|Any CPU
		{8408CA45-CEB8-4E33-863F-5E7E91687C01}.Release|Any CPU.ActiveCfg = Release|Any CPU
		{8408CA45-CEB8-4E33-863F-5E7E91687C01}.Release|Any CPU.Build.0 = Release|Any CPU
		{0A904A22-70FC-4D03-982E-436E64FFC7C3}.Debug|Any CPU.ActiveCfg = Debug|Any CPU
		{0A904A22-70FC-4D03-982E-436E64FFC7C3}.Debug|Any CPU.Build.0 = Debug|Any CPU
		{0A904A22-70FC-4D03-982E-436E64FFC7C3}.Release|Any CPU.ActiveCfg = Release|Any CPU
		{0A904A22-70FC-4D03-982E-436E64FFC7C3}.Release|Any CPU.Build.0 = Release|Any CPU
		{212A1F4D-B3D5-4336-B475-90586739F222}.Debug|Any CPU.ActiveCfg = Debug|Any CPU
		{212A1F4D-B3D5-4336-B475-90586739F222}.Debug|Any CPU.Build.0 = Debug|Any CPU
		{212A1F4D-B3D5-4336-B475-90586739F222}.Release|Any CPU.ActiveCfg = Release|Any CPU
		{212A1F4D-B3D5-4336-B475-90586739F222}.Release|Any CPU.Build.0 = Release|Any CPU
	EndGlobalSection
	GlobalSection(SolutionProperties) = preSolution
		HideSolutionNode = FALSE
	EndGlobalSection
	GlobalSection(NestedProjects) = preSolution
		{B13CF81E-71E4-4E4E-B638-1A8CAAD1B8E7} = {097B59EB-CE95-44AB-8B8D-76A1CC038748}
		{12488CF2-7842-46DC-9193-556E397D3F59} = {B13CF81E-71E4-4E4E-B638-1A8CAAD1B8E7}
		{6E0B889A-4AC2-42AF-88B1-43DB051B5CA5} = {AE6186AD-96B0-4972-BFE8-B49EF6CA10D8}
		{7D2B8EB7-C0A9-4C53-BDA5-B5A7E37F8743} = {16A5B54D-24B2-4839-A519-8F5451652A97}
		{F09A1959-2AE1-4441-93A3-AAE1F08FE37C} = {097B59EB-CE95-44AB-8B8D-76A1CC038748}
		{7EEBED7E-1CFB-49EE-B8DF-58852EFDCCED} = {F09A1959-2AE1-4441-93A3-AAE1F08FE37C}
		{B0C485CA-7214-463A-A046-32382F9C9737} = {097B59EB-CE95-44AB-8B8D-76A1CC038748}
		{EA25EEE5-2144-45CE-B8ED-32F655929BC8} = {B0C485CA-7214-463A-A046-32382F9C9737}
		{794E9B8D-A2C9-4D37-A154-AA1C44F3E4AD} = {097B59EB-CE95-44AB-8B8D-76A1CC038748}
		{9BF36C35-44D2-4E95-8B89-A1E76F500670} = {794E9B8D-A2C9-4D37-A154-AA1C44F3E4AD}
		{B04EA71C-59A2-49C3-B938-3D6017F511B7} = {097B59EB-CE95-44AB-8B8D-76A1CC038748}
		{393669A7-4706-405C-8D72-E2E78EDCB7C1} = {B04EA71C-59A2-49C3-B938-3D6017F511B7}
		{48239EFB-0C48-447F-84F7-57D1E0452CB2} = {B04EA71C-59A2-49C3-B938-3D6017F511B7}
		{8408CA45-CEB8-4E33-863F-5E7E91687C01} = {B04EA71C-59A2-49C3-B938-3D6017F511B7}
		{0A904A22-70FC-4D03-982E-436E64FFC7C3} = {B04EA71C-59A2-49C3-B938-3D6017F511B7}
		{212A1F4D-B3D5-4336-B475-90586739F222} = {B04EA71C-59A2-49C3-B938-3D6017F511B7}
	EndGlobalSection
	GlobalSection(ExtensibilityGlobals) = postSolution
		SolutionGuid = {A85B448D-75E1-431E-A0CD-E41CFCE25F67}
	EndGlobalSection
EndGlobal
